
Microsoft Visual Studio Solution File, Format Version 12.00
# Visual Studio Version 16
VisualStudioVersion = 16.0.31424.327
MinimumVisualStudioVersion = 10.0.40219.1
Project("{9A19103F-16F7-4668-BE54-9A1E7A4F7556}") = "Lab2", "Lab2\Lab2.csproj", "{F5F4FC3D-332B-4292-B3CD-4714B1F217C2}"
EndProject
Project("{9A19103F-16F7-4668-BE54-9A1E7A4F7556}") = "RomanNumberTests", "RomanNumberTests\RomanNumberTests.csproj", "{D4E372BF-846D-4AAC-AE5C-2CF07C4871EC}"
	ProjectSection(ProjectDependencies) = postProject
		{F5F4FC3D-332B-4292-B3CD-4714B1F217C2} = {F5F4FC3D-332B-4292-B3CD-4714B1F217C2}
	EndProjectSection
EndProject
Global
	GlobalSection(SolutionConfigurationPlatforms) = preSolution
		Debug|Any CPU = Debug|Any CPU
		Release|Any CPU = Release|Any CPU
	EndGlobalSection
	GlobalSection(ProjectConfigurationPlatforms) = postSolution
		{F5F4FC3D-332B-4292-B3CD-4714B1F217C2}.Debug|Any CPU.ActiveCfg = Debug|Any CPU
		{F5F4FC3D-332B-4292-B3CD-4714B1F217C2}.Debug|Any CPU.Build.0 = Debug|Any CPU
		{F5F4FC3D-332B-4292-B3CD-4714B1F217C2}.Release|Any CPU.ActiveCfg = Release|Any CPU
		{F5F4FC3D-332B-4292-B3CD-4714B1F217C2}.Release|Any CPU.Build.0 = Release|Any CPU
		{D4E372BF-846D-4AAC-AE5C-2CF07C4871EC}.Debug|Any CPU.ActiveCfg = Debug|Any CPU
		{D4E372BF-846D-4AAC-AE5C-2CF07C4871EC}.Debug|Any CPU.Build.0 = Debug|Any CPU
		{D4E372BF-846D-4AAC-AE5C-2CF07C4871EC}.Release|Any CPU.ActiveCfg = Release|Any CPU
		{D4E372BF-846D-4AAC-AE5C-2CF07C4871EC}.Release|Any CPU.Build.0 = Release|Any CPU
	EndGlobalSection
	GlobalSection(SolutionProperties) = preSolution
		HideSolutionNode = FALSE
	EndGlobalSection
	GlobalSection(ExtensibilityGlobals) = postSolution
		SolutionGuid = {8B64A08D-DFD1-44E1-B19F-5A90A81FC894}
	EndGlobalSection
EndGlobal
